<Solution>
  <Project Path="ASPCoreWebAPi/ASPCoreWebAPi.csproj" Id="820b7029-bcd6-4729-92a0-31816bbfa980" />
  <Project Path="ASPCoreWebAPICRUD/ASPCoreWebAPICRUD.csproj" Id="bf1ac586-217e-4da8-a18b-c878a98c930f" />
  <Project Path="CQRSMediatorPattern/CQRSMediatorPattern.csproj" Id="a1264980-f851-4c0a-b531-2da3c80bc38a" />
  <Project Path="EntityRestAPI/EntityRestAPI.csproj" Id="f9f0e5c2-c2c5-473f-a18f-dc9f07ee2512" />
  <Project Path="WebMinimalExample/WebMinimalExample.csproj" Id="69b623aa-2dd1-49a4-8a88-73abc281d4e4" />
</Solution>
